
Microsoft Visual Studio Solution File, Format Version 12.00
# Visual Studio Version 17
VisualStudioVersion = 17.3.32417.43
MinimumVisualStudioVersion = 10.0.40219.1
Project("{9A19103F-16F7-4668-BE54-9A1E7A4F7556}") = "SampleWebApi", "SampleWebApi\SampleWebApi.csproj", "{39A57BD6-E819-4F34-AA85-4148D3EE8372}"
EndProject
Project("{9A19103F-16F7-4668-BE54-9A1E7A4F7556}") = "DevJwts.Lib", "DevJwts.Lib\DevJwts.Lib.csproj", "{BFDF3E8E-1A5A-4741-A352-B6785B1AE899}"
EndProject
Project("{FAE04EC0-301F-11D3-BF4B-00C04F79EFBC}") = "DevJwts.Utils", "DevJwts.Utils\DevJwts.Utils.csproj", "{915EE4CC-1AA3-4EAC-A403-3E31D0D02D44}"
EndProject
Global
	GlobalSection(SolutionConfigurationPlatforms) = preSolution
		Debug|Any CPU = Debug|Any CPU
		Release|Any CPU = Release|Any CPU
	EndGlobalSection
	GlobalSection(ProjectConfigurationPlatforms) = postSolution
		{39A57BD6-E819-4F34-AA85-4148D3EE8372}.Debug|Any CPU.ActiveCfg = Debug|Any CPU
		{39A57BD6-E819-4F34-AA85-4148D3EE8372}.Debug|Any CPU.Build.0 = Debug|Any CPU
		{39A57BD6-E819-4F34-AA85-4148D3EE8372}.Release|Any CPU.ActiveCfg = Release|Any CPU
		{39A57BD6-E819-4F34-AA85-4148D3EE8372}.Release|Any CPU.Build.0 = Release|Any CPU
		{BFDF3E8E-1A5A-4741-A352-B6785B1AE899}.Debug|Any CPU.ActiveCfg = Debug|Any CPU
		{BFDF3E8E-1A5A-4741-A352-B6785B1AE899}.Debug|Any CPU.Build.0 = Debug|Any CPU
		{BFDF3E8E-1A5A-4741-A352-B6785B1AE899}.Release|Any CPU.ActiveCfg = Release|Any CPU
		{BFDF3E8E-1A5A-4741-A352-B6785B1AE899}.Release|Any CPU.Build.0 = Release|Any CPU
		{915EE4CC-1AA3-4EAC-A403-3E31D0D02D44}.Debug|Any CPU.ActiveCfg = Debug|Any CPU
		{915EE4CC-1AA3-4EAC-A403-3E31D0D02D44}.Debug|Any CPU.Build.0 = Debug|Any CPU
		{915EE4CC-1AA3-4EAC-A403-3E31D0D02D44}.Release|Any CPU.ActiveCfg = Release|Any CPU
		{915EE4CC-1AA3-4EAC-A403-3E31D0D02D44}.Release|Any CPU.Build.0 = Release|Any CPU
	EndGlobalSection
	GlobalSection(SolutionProperties) = preSolution
		HideSolutionNode = FALSE
	EndGlobalSection
	GlobalSection(ExtensibilityGlobals) = postSolution
		SolutionGuid = {08EFB357-24F2-48F5-A16E-53F47088BB73}
	EndGlobalSection
EndGlobal
